# Generated by conda-lock.
# platform: linux-64
# input_hash: 6ce6754bfdd10296a15919d049e2cdf0ecf10b69d1c1114c49e8118a8f628c43
@EXPLICIT
https://repo.anaconda.com/pkgs/main/linux-64/_libgcc_mutex-0.1-main.conda#c3473ff8bdb3d124ed5ff11ec380d6f9
https://repo.anaconda.com/pkgs/main/linux-64/blas-1.0-mkl.conda#9a7a051e9bd41da46523acb017d8a517
https://repo.anaconda.com/pkgs/main/linux-64/ca-certificates-2023.12.12-h06a4308_0.conda#12bf7315c3f5ca50300e8b48d1b4ef2e
https://repo.anaconda.com/pkgs/main/linux-64/ld_impl_linux-64-2.38-h1181459_1.conda#68eedfd9c06f2b0e6888d8db345b7f5b
https://repo.anaconda.com/pkgs/main/noarch/tzdata-2023d-h04d1e81_0.conda#fdb319536f351b2b828a350ffd1a35a1
https://repo.anaconda.com/pkgs/main/linux-64/libgomp-11.2.0-h1234567_1.conda#b372c0eea9b60732fdae4b817a63c8cd
https://repo.anaconda.com/pkgs/main/linux-64/libstdcxx-ng-11.2.0-h1234567_1.conda#57623d10a70e09e1d048c2b2b6f4e2dd
https://repo.anaconda.com/pkgs/main/linux-64/_openmp_mutex-5.1-1_gnu.conda#71d281e9c2192cb3fa425655a8defb85
https://repo.anaconda.com/pkgs/main/linux-64/libgcc-ng-11.2.0-h1234567_1.conda#a87728dabf3151fb9cfa990bd2eb0464
https://repo.anaconda.com/pkgs/main/linux-64/bzip2-1.0.8-h7b6447c_0.conda#9303f4af7c004e069bae22bde8d800ee
https://repo.anaconda.com/pkgs/main/linux-64/gmp-6.2.1-h295c915_3.conda#045e9e85252d5efc8c09a136b4c2b3d4
https://repo.anaconda.com/pkgs/main/linux-64/libffi-3.4.4-h6a678d5_0.conda#06e288f9250abef59b9a367d151fc339
https://repo.anaconda.com/pkgs/main/linux-64/libsodium-1.0.18-h7b6447c_0.conda#c8783b20f0e14bc1d701352c26c264d5
https://repo.anaconda.com/pkgs/main/linux-64/libuuid-1.41.5-h5eee18b_0.conda#4a6a2354414c9080327274aa514e5299
https://repo.anaconda.com/pkgs/main/linux-64/ncurses-6.4-h6a678d5_0.conda#5558eec6e2191741a92f832ea826251c
https://repo.anaconda.com/pkgs/main/linux-64/ninja-base-1.10.2-hd09550d_5.conda#09dcbad622d58caaeefe46cd399f0a76
https://repo.anaconda.com/pkgs/main/linux-64/openssl-3.0.13-h7f8727e_0.conda#c73d46a4d666da0ae3dcd3fd8f805122
https://repo.anaconda.com/pkgs/main/linux-64/tbb-2021.8.0-hdb19cb5_0.conda#869373905a6bfacbb967abc98516dd85
https://repo.anaconda.com/pkgs/main/linux-64/xz-5.4.5-h5eee18b_0.conda#fb0f709ab3eb6ad3538677c327646581
https://repo.anaconda.com/pkgs/main/linux-64/yaml-0.2.5-h7b6447c_0.conda#39fdbf4db769e494ffb06d95680c83d8
https://repo.anaconda.com/pkgs/main/linux-64/zlib-1.2.13-h5eee18b_0.conda#333e31fbfbb5057c92fa845ad6adef93
https://repo.anaconda.com/pkgs/main/linux-64/intel-openmp-2023.1.0-hdb19cb5_46306.conda#8c3c1916f770196bf998c8310178ae55
https://repo.anaconda.com/pkgs/main/linux-64/libprotobuf-3.20.3-he621ea3_0.conda#e4eca5d1a9226085c59d77d85e4d59cb
https://repo.anaconda.com/pkgs/main/linux-64/mpfr-4.0.2-hb69a4c5_1.conda#9000a148d49baa5a3b3428397889d37d
https://repo.anaconda.com/pkgs/main/linux-64/readline-8.2-h5eee18b_0.conda#be42180685cce6e6b0329201d9f48efb
https://repo.anaconda.com/pkgs/main/linux-64/tk-8.6.12-h1ccaba5_0.conda#fa10ff4aa631fa4aa090a6234d7770b9
https://repo.anaconda.com/pkgs/main/linux-64/zeromq-4.3.5-h6a678d5_0.conda#354c934a4a5500f4c455c630f2702dbc
https://repo.anaconda.com/pkgs/main/linux-64/mkl-2023.1.0-h213fc3f_46344.conda#83e5adf5b75242d8d7634615fed37c72
https://repo.anaconda.com/pkgs/main/linux-64/mpc-1.1.0-h10f8cd9_1.conda#a04e160ec0a1117f7638590e534f16c7
https://repo.anaconda.com/pkgs/main/linux-64/sqlite-3.41.2-h5eee18b_0.conda#c7086c9ceb6cfe1c4c729a774a2d88a5
https://repo.anaconda.com/pkgs/main/linux-64/python-3.11.7-h955ad1f_0.conda#721e0e84035214979d06e677d5afa9f4
https://repo.anaconda.com/pkgs/main/linux-64/async-lru-2.0.4-py311h06a4308_0.conda#0c8c5e7a5e2ccb8d7851d025a1e91796
https://repo.anaconda.com/pkgs/main/linux-64/attrs-23.1.0-py311h06a4308_0.conda#47523ff7d4152ca3c652fcce135b34e9
https://repo.anaconda.com/pkgs/main/linux-64/brotli-python-1.0.9-py311h6a678d5_7.conda#e7ad3b066db40f54d37099e58fef130a
https://repo.anaconda.com/pkgs/main/linux-64/certifi-2024.2.2-py311h06a4308_0.conda#41da74cdc2b8351fba03d603ecd2224c
https://repo.anaconda.com/pkgs/main/noarch/charset-normalizer-2.0.4-pyhd3eb1b0_0.conda#e7a441d94234b2b5fafee06e25dbf076
https://repo.anaconda.com/pkgs/main/linux-64/debugpy-1.6.7-py311h6a678d5_0.conda#594c9b18dfe673337514815f4bb4e5d7
https://repo.anaconda.com/pkgs/main/noarch/decorator-5.1.1-pyhd3eb1b0_0.conda#4d969aac32a0faf84af90c797bfc7fec
https://repo.anaconda.com/pkgs/main/noarch/defusedxml-0.7.1-pyhd3eb1b0_0.conda#d912068b0729930972adcaac338882c0
https://repo.anaconda.com/pkgs/main/noarch/executing-0.8.3-pyhd3eb1b0_0.conda#7be61d1c3c555fb37682b28d7a53d622
https://repo.anaconda.com/pkgs/main/linux-64/filelock-3.13.1-py311h06a4308_0.conda#06e9d75c5dccc4d217ef5fb829cec1f7
https://repo.anaconda.com/pkgs/main/linux-64/fsspec-2023.10.0-py311h06a4308_0.conda#eba133cd6def5c5cd81426d16a83cdd3
https://repo.anaconda.com/pkgs/main/linux-64/gmpy2-2.1.2-py311hc9b5ff0_0.conda#82dd6df9c0c89d87d99cc40454d367e7
https://repo.anaconda.com/pkgs/main/linux-64/idna-3.4-py311h06a4308_0.conda#ace9494db4d1927c447dc6f81bc95f0a
https://repo.anaconda.com/pkgs/main/noarch/json5-0.9.6-pyhd3eb1b0_0.conda#4e721ee2dbfa20069719d2ee19185031
https://repo.anaconda.com/pkgs/main/linux-64/markupsafe-2.1.3-py311h5eee18b_0.conda#fcf7a9a851fc6ed09331e8fe517b7a12
https://repo.anaconda.com/pkgs/main/linux-64/mistune-2.0.4-py311h06a4308_0.conda#0aac33bec0e5fa8c8436507b3df4567d
https://repo.anaconda.com/pkgs/main/linux-64/mkl-service-2.4.0-py311h5eee18b_1.conda#be65f81bb25fdb4207a5aad932ad09ae
https://repo.anaconda.com/pkgs/main/linux-64/mpmath-1.3.0-py311h06a4308_0.conda#e2f6a2e4b7ab3cad40e70dd0960d9007
https://repo.anaconda.com/pkgs/main/linux-64/nest-asyncio-1.6.0-py311h06a4308_0.conda#151eac993c7a5795576cd98fd51b963a
https://repo.anaconda.com/pkgs/main/linux-64/networkx-3.1-py311h06a4308_0.conda#bd59515f6ba1ee075a0eed3a92103a2c
https://repo.anaconda.com/pkgs/main/linux-64/ninja-1.10.2-h06a4308_5.conda#6fc219bbc4c8dbb9060b5b7fe31ae83d
https://repo.anaconda.com/pkgs/main/linux-64/overrides-7.4.0-py311h06a4308_0.conda#52fadb1fcb2ed672a81d6e04cde5e728
https://repo.anaconda.com/pkgs/main/linux-64/packaging-23.1-py311h06a4308_0.conda#6e6d51b87442e33fc4d30c16f93b0a64
https://repo.anaconda.com/pkgs/main/noarch/pandocfilters-1.5.0-pyhd3eb1b0_0.conda#5547ced9e3bb4c513405998957b52c7b
https://repo.anaconda.com/pkgs/main/noarch/parso-0.8.3-pyhd3eb1b0_0.conda#c6f0f6219bf5ce2b510ef4b75cbc3e01
https://repo.anaconda.com/pkgs/main/linux-64/platformdirs-3.10.0-py311h06a4308_0.conda#1fede791146a68b1279b22e19a249448
https://repo.anaconda.com/pkgs/main/linux-64/prometheus_client-0.14.1-py311h06a4308_0.conda#74866d95e06bb1dde3c8a5b4f3c023a3
https://repo.anaconda.com/pkgs/main/linux-64/psutil-5.9.0-py311h5eee18b_0.conda#bb0e15716b6b92092aa0e9b89629fa09
https://repo.anaconda.com/pkgs/main/noarch/ptyprocess-0.7.0-pyhd3eb1b0_2.conda#7441d2827d4bfbcc1fa308875a146246
https://repo.anaconda.com/pkgs/main/noarch/pure_eval-0.2.2-pyhd3eb1b0_0.conda#a87d6d9827e5dff68d34d69971f8a9b1
https://repo.anaconda.com/pkgs/main/noarch/pycparser-2.21-pyhd3eb1b0_0.conda#135a72ff2a31150a3a3ff0b1edd41ca9
https://repo.anaconda.com/pkgs/main/linux-64/pygments-2.15.1-py311h06a4308_1.conda#eccebf7e4eae9528fb26af098fb2ac4f
https://repo.anaconda.com/pkgs/main/linux-64/pysocks-1.7.1-py311h06a4308_0.conda#0c6bf55446eb174d2c749fd9499ca181
https://repo.anaconda.com/pkgs/main/linux-64/python-fastjsonschema-2.16.2-py311h06a4308_0.conda#799ea490027044667ec190bfdcb20698
https://repo.anaconda.com/pkgs/main/linux-64/python-json-logger-2.0.7-py311h06a4308_0.conda#4ed0190dd4cd0d63e53dafe1920255a9
https://repo.anaconda.com/pkgs/main/linux-64/pytz-2023.3.post1-py311h06a4308_0.conda#0af28d3e6b97ecb6c13de4d4c0729e15
https://repo.anaconda.com/pkgs/main/linux-64/pyyaml-6.0.1-py311h5eee18b_0.conda#43760d0804f9fdf6d501f58e14637da7
https://repo.anaconda.com/pkgs/main/linux-64/pyzmq-25.1.2-py311h6a678d5_0.conda#b392f9e54e748b035b129e013f562b6b
https://repo.anaconda.com/pkgs/main/linux-64/rfc3986-validator-0.1.1-py311h06a4308_0.conda#aca87e6bcef39ea91400d7d7e7fb95bd
https://repo.anaconda.com/pkgs/main/linux-64/rpds-py-0.10.6-py311hb02cf49_0.conda#ba4baf5a8f8ab8d762d2f506ddf6d9e8
https://repo.anaconda.com/pkgs/main/linux-64/send2trash-1.8.2-py311h06a4308_0.conda#deee71129f7c4aebd6cb7cc09b9600f9
https://repo.anaconda.com/pkgs/main/noarch/six-1.16.0-pyhd3eb1b0_1.conda#34586824d411d36af2fa40e799c172d0
https://repo.anaconda.com/pkgs/main/linux-64/sniffio-1.3.0-py311h06a4308_0.conda#f8b2a510ceae985386c6c9cf75b93092
https://repo.anaconda.com/pkgs/main/linux-64/soupsieve-2.5-py311h06a4308_0.conda#6488a97c1367af8f28dbcb6818cc652b
https://repo.anaconda.com/pkgs/main/linux-64/tornado-6.3.3-py311h5eee18b_0.conda#82136e90c655c54ab55da67414fb303b
https://repo.anaconda.com/pkgs/main/linux-64/traitlets-5.7.1-py311h06a4308_0.conda#618abdcd1e39f748168c1a951791227e
https://repo.anaconda.com/pkgs/main/linux-64/typing_extensions-4.9.0-py311h06a4308_1.conda#ea2e399c3056077cab8a7b8f6d1ed7dc
https://repo.anaconda.com/pkgs/main/noarch/wcwidth-0.2.5-pyhd3eb1b0_0.conda#ffa649340272c3f6466ba01da254c3b0
https://repo.anaconda.com/pkgs/main/linux-64/webencodings-0.5.1-py311h06a4308_1.conda#6018ed8d17895b6f25113820aefae941
https://repo.anaconda.com/pkgs/main/linux-64/anyio-4.2.0-py311h06a4308_0.conda#bd2b5ec9f8c5a41a6af8bfc11c8e4e59
https://repo.anaconda.com/pkgs/main/noarch/asttokens-2.0.5-pyhd3eb1b0_0.conda#140486e2ce4f3931b44aa5f7ff8d88da
https://repo.anaconda.com/pkgs/main/linux-64/babel-2.11.0-py311h06a4308_0.conda#b0e1c6be7b334706670ed7d203b61775
https://repo.anaconda.com/pkgs/main/linux-64/beautifulsoup4-4.12.2-py311h06a4308_0.conda#e491363ee360824749421d72c54e2d21
https://repo.anaconda.com/pkgs/main/noarch/bleach-4.1.0-pyhd3eb1b0_0.conda#256eb7e384e35f993ef8ccd6c4f45e58
https://repo.anaconda.com/pkgs/main/linux-64/cffi-1.16.0-py311h5eee18b_0.conda#8a38b24e372c9fe04191f34c66db92c4
https://repo.anaconda.com/pkgs/main/linux-64/comm-0.1.2-py311h06a4308_0.conda#671a6ef124e78b17208a9f246b350ba7
https://repo.anaconda.com/pkgs/main/linux-64/jedi-0.18.1-py311h06a4308_1.conda#83b2d5fe74d8b0c3bcbcfe3d12bb239c
https://repo.anaconda.com/pkgs/main/linux-64/jinja2-3.1.3-py311h06a4308_0.conda#8cfb69d6d24a4ac44b0f97af779c1312
https://repo.anaconda.com/pkgs/main/linux-64/jupyter_core-5.5.0-py311h06a4308_0.conda#08b5386cab88601eeeefc56a0867385b
https://repo.anaconda.com/pkgs/main/noarch/jupyterlab_pygments-0.1.2-py_0.conda#af46aff4922ca45df6ba19b313df6070
https://repo.anaconda.com/pkgs/main/linux-64/matplotlib-inline-0.1.6-py311h06a4308_0.conda#fc4ea14c818d6b5e61d6021ffcbd4ac8
https://repo.anaconda.com/pkgs/main/linux-64/numpy-base-1.26.3-py311hf175353_0.conda#a8b4477b426237f6cac7ad06ee9bfb2b
https://repo.anaconda.com/pkgs/main/noarch/pexpect-4.8.0-pyhd3eb1b0_3.conda#765b2562d6cdd14bb6d44fc170a04331
https://repo.anaconda.com/pkgs/main/linux-64/prompt-toolkit-3.0.43-py311h06a4308_0.conda#1c0f7b8edd1fe2f1d7c7bbe4ef85d1cb
https://repo.anaconda.com/pkgs/main/noarch/python-dateutil-2.8.2-pyhd3eb1b0_0.conda#211ee00320b08a1ac9fea6677649f6c9
https://repo.anaconda.com/pkgs/main/linux-64/referencing-0.30.2-py311h06a4308_0.conda#2080211b17f70400edfe3daeb4947cf0
https://repo.anaconda.com/pkgs/main/linux-64/rfc3339-validator-0.1.4-py311h06a4308_0.conda#16e477033a0efb7e13b0bd0f235efc3f
https://repo.anaconda.com/pkgs/main/linux-64/sympy-1.12-py311h06a4308_0.conda#2d74aa211a87fca3f33841aa97680ebe
https://repo.anaconda.com/pkgs/main/linux-64/terminado-0.17.1-py311h06a4308_0.conda#71188205b69c392c495c1249de3447f5
https://repo.anaconda.com/pkgs/main/linux-64/tinycss2-1.2.1-py311h06a4308_0.conda#5fa403097ddcd4c08541d97b0d929c8c
https://repo.anaconda.com/pkgs/main/linux-64/typing-extensions-4.9.0-py311h06a4308_1.conda#331c7a32c41c223dd0cf9dd1ad11a0c7
https://repo.anaconda.com/pkgs/main/linux-64/urllib3-2.1.0-py311h06a4308_1.conda#5ab9725154d4baf054ee050b8aad47fb
https://repo.anaconda.com/pkgs/main/linux-64/websocket-client-0.58.0-py311h06a4308_4.conda#5e3c223c737dd0b7eac3ef3d410f7593
https://repo.anaconda.com/pkgs/main/linux-64/argon2-cffi-bindings-21.2.0-py311h5eee18b_0.conda#d55780f1b0565117ec0f9154fd533be8
https://repo.anaconda.com/pkgs/main/linux-64/jsonschema-specifications-2023.7.1-py311h06a4308_0.conda#a2fd0483162c590fd327328ba562c567
https://repo.anaconda.com/pkgs/main/linux-64/jupyter_client-8.6.0-py311h06a4308_0.conda#281a8d56533f8219dba95524e905c126
https://repo.anaconda.com/pkgs/main/linux-64/jupyter_server_terminals-0.4.4-py311h06a4308_1.conda#14c5869e65e8cdfb6cb37ce09e7a7e06
https://repo.anaconda.com/pkgs/main/noarch/prompt_toolkit-3.0.43-hd3eb1b0_0.conda#244c80adf85e37e2a4158d0f0c199566
https://repo.anaconda.com/pkgs/main/linux-64/requests-2.31.0-py311h06a4308_1.conda#42310e390ca8f0919a03740656c707b8
https://repo.anaconda.com/pkgs/main/noarch/stack_data-0.2.0-pyhd3eb1b0_0.conda#6212968e73726f6da42e5ffcd2bea92d
https://repo.anaconda.com/pkgs/main/noarch/argon2-cffi-21.3.0-pyhd3eb1b0_0.conda#f00b851bc61b4c313903d31c7daecb09
https://repo.anaconda.com/pkgs/main/linux-64/ipython-8.20.0-py311h06a4308_0.conda#26478dd4cc0cd144a06b0f1574e47458
https://repo.anaconda.com/pkgs/main/linux-64/jsonschema-4.19.2-py311h06a4308_0.conda#844fa28becbda25cd326c32ad25106de
https://repo.anaconda.com/pkgs/main/linux-64/ipykernel-6.28.0-py311h06a4308_0.conda#3570dde248fea2103028dd94bfcfaa90
https://repo.anaconda.com/pkgs/main/linux-64/jupyter_events-0.8.0-py311h06a4308_0.conda#1eb18bb05e9e41a3254469444c5b3d1a
https://repo.anaconda.com/pkgs/main/linux-64/nbformat-5.9.2-py311h06a4308_0.conda#d6db4514ea4ba7db784fd0895180776d
https://repo.anaconda.com/pkgs/main/linux-64/nbclient-0.8.0-py311h06a4308_0.conda#f5d6ffacb1b25ab49fc8c7a662920e4b
https://repo.anaconda.com/pkgs/main/linux-64/nbconvert-7.10.0-py311h06a4308_0.conda#45765508cfa84c24b7faba9ce063ea83
https://repo.anaconda.com/pkgs/main/linux-64/jupyter_server-2.10.0-py311h06a4308_0.conda#1620428989195ff372cd59667c1c00d9
https://repo.anaconda.com/pkgs/main/linux-64/jupyter-lsp-2.2.0-py311h06a4308_0.conda#aaba721d164e3ed20e23a5c792bd9e0e
https://repo.anaconda.com/pkgs/main/linux-64/jupyterlab_server-2.25.1-py311h06a4308_0.conda#2a4ef340131f8b26e7203460d937e741
https://repo.anaconda.com/pkgs/main/linux-64/notebook-shim-0.2.3-py311h06a4308_0.conda#859e22f6a2a2e57dfac41b4add5b5ded
https://repo.anaconda.com/pkgs/main/linux-64/jupyterlab-4.0.11-py311h06a4308_0.conda#48b4e6dc99d34be541817d293a240667
https://repo.anaconda.com/pkgs/main/linux-64/mkl_fft-1.3.8-py311h5eee18b_0.conda#19e24b2b7f68a5223c2e8a7281402b80
https://repo.anaconda.com/pkgs/main/linux-64/mkl_random-1.2.4-py311hdb19cb5_0.conda#e8525b8af65573f138e970dfc0155fa8
https://repo.anaconda.com/pkgs/main/linux-64/numpy-1.26.3-py311h08b1b3b_0.conda#53ddd30d03294ddfa0ae8c98beb9aa68
https://repo.anaconda.com/pkgs/main/linux-64/pytorch-2.2.0-cpu_py311h6d93b4c_0.conda#5b67a8b48f4c290de03e5ddecda4b95e
